
Microsoft Visual Studio Solution File, Format Version 12.00
# Visual Studio 14
VisualStudioVersion = 14.0.25420.1
MinimumVisualStudioVersion = 10.0.40219.1
Project("{FAE04EC0-301F-11D3-BF4B-00C04F79EFBC}") = "XJTUCampus", "XJTUCampus\XJTUCampus.csproj", "{29AAC130-6C92-4740-83EA-0BACF1D3C327}"
EndProject
Project("{FAE04EC0-301F-11D3-BF4B-00C04F79EFBC}") = "XJTUCampus.Service", "XJTUCampus.Service\XJTUCampus.Service.csproj", "{87F1B80C-9AFB-4E0B-8F2E-A7A7B12BE998}"
EndProject
Project("{FAE04EC0-301F-11D3-BF4B-00C04F79EFBC}") = "XJTUCampus.Core", "XJTUCampus.Core\XJTUCampus.Core.csproj", "{2C01E3FA-7B73-48E8-AEC0-F8C99BFBFD63}"
EndProject
Global
	GlobalSection(SolutionConfigurationPlatforms) = preSolution
		Debug|Any CPU = Debug|Any CPU
		Debug|ARM = Debug|ARM
		Debug|x64 = Debug|x64
		Debug|x86 = Debug|x86
		Release|Any CPU = Release|Any CPU
		Release|ARM = Release|ARM
		Release|x64 = Release|x64
		Release|x86 = Release|x86
	EndGlobalSection
	GlobalSection(ProjectConfigurationPlatforms) = postSolution
		{29AAC130-6C92-4740-83EA-0BACF1D3C327}.Debug|Any CPU.ActiveCfg = Debug|x86
		{29AAC130-6C92-4740-83EA-0BACF1D3C327}.Debug|ARM.ActiveCfg = Debug|ARM
		{29AAC130-6C92-4740-83EA-0BACF1D3C327}.Debug|ARM.Build.0 = Debug|ARM
		{29AAC130-6C92-4740-83EA-0BACF1D3C327}.Debug|ARM.Deploy.0 = Debug|ARM
		{29AAC130-6C92-4740-83EA-0BACF1D3C327}.Debug|x64.ActiveCfg = Debug|x64
		{29AAC130-6C92-4740-83EA-0BACF1D3C327}.Debug|x64.Build.0 = Debug|x64
		{29AAC130-6C92-4740-83EA-0BACF1D3C327}.Debug|x64.Deploy.0 = Debug|x64
		{29AAC130-6C92-4740-83EA-0BACF1D3C327}.Debug|x86.ActiveCfg = Debug|x86
		{29AAC130-6C92-4740-83EA-0BACF1D3C327}.Debug|x86.Build.0 = Debug|x86
		{29AAC130-6C92-4740-83EA-0BACF1D3C327}.Debug|x86.Deploy.0 = Debug|x86
		{29AAC130-6C92-4740-83EA-0BACF1D3C327}.Release|Any CPU.ActiveCfg = Release|x86
		{29AAC130-6C92-4740-83EA-0BACF1D3C327}.Release|ARM.ActiveCfg = Release|ARM
		{29AAC130-6C92-4740-83EA-0BACF1D3C327}.Release|ARM.Build.0 = Release|ARM
		{29AAC130-6C92-4740-83EA-0BACF1D3C327}.Release|ARM.Deploy.0 = Release|ARM
		{29AAC130-6C92-4740-83EA-0BACF1D3C327}.Release|x64.ActiveCfg = Release|x64
		{29AAC130-6C92-4740-83EA-0BACF1D3C327}.Release|x64.Build.0 = Release|x64
		{29AAC130-6C92-4740-83EA-0BACF1D3C327}.Release|x64.Deploy.0 = Release|x64
		{29AAC130-6C92-4740-83EA-0BACF1D3C327}.Release|x86.ActiveCfg = Release|x86
		{29AAC130-6C92-4740-83EA-0BACF1D3C327}.Release|x86.Build.0 = Release|x86
		{29AAC130-6C92-4740-83EA-0BACF1D3C327}.Release|x86.Deploy.0 = Release|x86
		{87F1B80C-9AFB-4E0B-8F2E-A7A7B12BE998}.Debug|Any CPU.ActiveCfg = Debug|Any CPU
		{87F1B80C-9AFB-4E0B-8F2E-A7A7B12BE998}.Debug|Any CPU.Build.0 = Debug|Any CPU
		{87F1B80C-9AFB-4E0B-8F2E-A7A7B12BE998}.Debug|ARM.ActiveCfg = Debug|ARM
		{87F1B80C-9AFB-4E0B-8F2E-A7A7B12BE998}.Debug|ARM.Build.0 = Debug|ARM
		{87F1B80C-9AFB-4E0B-8F2E-A7A7B12BE998}.Debug|ARM.Deploy.0 = Debug|ARM
		{87F1B80C-9AFB-4E0B-8F2E-A7A7B12BE998}.Debug|x64.ActiveCfg = Debug|x64
		{87F1B80C-9AFB-4E0B-8F2E-A7A7B12BE998}.Debug|x64.Build.0 = Debug|x64
		{87F1B80C-9AFB-4E0B-8F2E-A7A7B12BE998}.Debug|x86.ActiveCfg = Debug|x86
		{87F1B80C-9AFB-4E0B-8F2E-A7A7B12BE998}.Debug|x86.Build.0 = Debug|x86
		{87F1B80C-9AFB-4E0B-8F2E-A7A7B12BE998}.Release|Any CPU.ActiveCfg = Release|Any CPU
		{87F1B80C-9AFB-4E0B-8F2E-A7A7B12BE998}.Release|Any CPU.Build.0 = Release|Any CPU
		{87F1B80C-9AFB-4E0B-8F2E-A7A7B12BE998}.Release|ARM.ActiveCfg = Release|ARM
		{87F1B80C-9AFB-4E0B-8F2E-A7A7B12BE998}.Release|ARM.Build.0 = Release|ARM
		{87F1B80C-9AFB-4E0B-8F2E-A7A7B12BE998}.Release|x64.ActiveCfg = Release|x64
		{87F1B80C-9AFB-4E0B-8F2E-A7A7B12BE998}.Release|x64.Build.0 = Release|x64
		{87F1B80C-9AFB-4E0B-8F2E-A7A7B12BE998}.Release|x86.ActiveCfg = Release|x86
		{87F1B80C-9AFB-4E0B-8F2E-A7A7B12BE998}.Release|x86.Build.0 = Release|x86
		{2C01E3FA-7B73-48E8-AEC0-F8C99BFBFD63}.Debug|Any CPU.ActiveCfg = Debug|Any CPU
		{2C01E3FA-7B73-48E8-AEC0-F8C99BFBFD63}.Debug|Any CPU.Build.0 = Debug|Any CPU
		{2C01E3FA-7B73-48E8-AEC0-F8C99BFBFD63}.Debug|ARM.ActiveCfg = Debug|ARM
		{2C01E3FA-7B73-48E8-AEC0-F8C99BFBFD63}.Debug|ARM.Build.0 = Debug|ARM
		{2C01E3FA-7B73-48E8-AEC0-F8C99BFBFD63}.Debug|x64.ActiveCfg = Debug|x64
		{2C01E3FA-7B73-48E8-AEC0-F8C99BFBFD63}.Debug|x64.Build.0 = Debug|x64
		{2C01E3FA-7B73-48E8-AEC0-F8C99BFBFD63}.Debug|x86.ActiveCfg = Debug|x86
		{2C01E3FA-7B73-48E8-AEC0-F8C99BFBFD63}.Debug|x86.Build.0 = Debug|x86
		{2C01E3FA-7B73-48E8-AEC0-F8C99BFBFD63}.Release|Any CPU.ActiveCfg = Release|Any CPU
		{2C01E3FA-7B73-48E8-AEC0-F8C99BFBFD63}.Release|Any CPU.Build.0 = Release|Any CPU
		{2C01E3FA-7B73-48E8-AEC0-F8C99BFBFD63}.Release|ARM.ActiveCfg = Release|ARM
		{2C01E3FA-7B73-48E8-AEC0-F8C99BFBFD63}.Release|ARM.Build.0 = Release|ARM
		{2C01E3FA-7B73-48E8-AEC0-F8C99BFBFD63}.Release|x64.ActiveCfg = Release|x64
		{2C01E3FA-7B73-48E8-AEC0-F8C99BFBFD63}.Release|x64.Build.0 = Release|x64
		{2C01E3FA-7B73-48E8-AEC0-F8C99BFBFD63}.Release|x86.ActiveCfg = Release|x86
		{2C01E3FA-7B73-48E8-AEC0-F8C99BFBFD63}.Release|x86.Build.0 = Release|x86
	EndGlobalSection
	GlobalSection(SolutionProperties) = preSolution
		HideSolutionNode = FALSE
	EndGlobalSection
EndGlobal
